
Microsoft Visual Studio Solution File, Format Version 12.00
# Visual Studio Version 17
VisualStudioVersion = 17.1.32203.90
MinimumVisualStudioVersion = 10.0.40219.1
Project("{FAE04EC0-301F-11D3-BF4B-00C04F79EFBC}") = "Ttttaaaaalll Forest", "Ttttaaaaalll Forest.csproj", "{24F16E5E-6875-47A4-94B7-2223EF7507EE}"
EndProject
Global
	GlobalSection(SolutionConfigurationPlatforms) = preSolution
		Debug|Any CPU = Debug|Any CPU
		Release|Any CPU = Release|Any CPU
	EndGlobalSection
	GlobalSection(ProjectConfigurationPlatforms) = postSolution
		{24F16E5E-6875-47A4-94B7-2223EF7507EE}.Debug|Any CPU.ActiveCfg = Debug|Any CPU
		{24F16E5E-6875-47A4-94B7-2223EF7507EE}.Debug|Any CPU.Build.0 = Debug|Any CPU
		{24F16E5E-6875-47A4-94B7-2223EF7507EE}.Release|Any CPU.ActiveCfg = Release|Any CPU
		{24F16E5E-6875-47A4-94B7-2223EF7507EE}.Release|Any CPU.Build.0 = Release|Any CPU
	EndGlobalSection
	GlobalSection(SolutionProperties) = preSolution
		HideSolutionNode = FALSE
	EndGlobalSection
	GlobalSection(ExtensibilityGlobals) = postSolution
		SolutionGuid = {D9916FC3-B98F-4FC3-A32D-0B33D49582E8}
	EndGlobalSection
EndGlobal
